
Microsoft Visual Studio Solution File, Format Version 12.00
# Visual Studio Version 17
VisualStudioVersion = 17.7.34202.233
MinimumVisualStudioVersion = 10.0.40219.1
Project("{FAE04EC0-301F-11D3-BF4B-00C04F79EFBC}") = "PyrokinesisPets", "PyrokinesisPets\PyrokinesisPets.csproj", "{661155FF-A5B9-4BD8-ACC3-476CDE052649}"
EndProject
Global
	GlobalSection(SolutionConfigurationPlatforms) = preSolution
		Debug|Any CPU = Debug|Any CPU
		Release|Any CPU = Release|Any CPU
	EndGlobalSection
	GlobalSection(ProjectConfigurationPlatforms) = postSolution
		{661155FF-A5B9-4BD8-ACC3-476CDE052649}.Debug|Any CPU.ActiveCfg = Debug|Any CPU
		{661155FF-A5B9-4BD8-ACC3-476CDE052649}.Debug|Any CPU.Build.0 = Debug|Any CPU
		{661155FF-A5B9-4BD8-ACC3-476CDE052649}.Release|Any CPU.ActiveCfg = Release|Any CPU
		{661155FF-A5B9-4BD8-ACC3-476CDE052649}.Release|Any CPU.Build.0 = Release|Any CPU
	EndGlobalSection
	GlobalSection(SolutionProperties) = preSolution
		HideSolutionNode = FALSE
	EndGlobalSection
	GlobalSection(ExtensibilityGlobals) = postSolution
		SolutionGuid = {D58349C7-DA83-4774-BDB1-1176717281F8}
	EndGlobalSection
EndGlobal
